Microsoft Visual Studio Solution File, Format Version 12.00
# Visual Studio Version 17
VisualStudioVersion = 17.5.2.0
MinimumVisualStudioVersion = 10.0.40219.1
Project("{FAE04EC0-301F-11D3-BF4B-00C04F79EFBC}") = "CSDSATests", "CSDSATests.csproj", "{89E4AD82-72C9-138D-FB0E-1B7DB66A9E3E}"
EndProject
Global
	GlobalSection(SolutionConfigurationPlatforms) = preSolution
		Debug|Any CPU = Debug|Any CPU
		Release|Any CPU = Release|Any CPU
	EndGlobalSection
	GlobalSection(ProjectConfigurationPlatforms) = postSolution
		{89E4AD82-72C9-138D-FB0E-1B7DB66A9E3E}.Debug|Any CPU.ActiveCfg = Debug|Any CPU
		{89E4AD82-72C9-138D-FB0E-1B7DB66A9E3E}.Debug|Any CPU.Build.0 = Debug|Any CPU
		{89E4AD82-72C9-138D-FB0E-1B7DB66A9E3E}.Release|Any CPU.ActiveCfg = Release|Any CPU
		{89E4AD82-72C9-138D-FB0E-1B7DB66A9E3E}.Release|Any CPU.Build.0 = Release|Any CPU
	EndGlobalSection
	GlobalSection(SolutionProperties) = preSolution
		HideSolutionNode = FALSE
	EndGlobalSection
	GlobalSection(ExtensibilityGlobals) = postSolution
		SolutionGuid = {A9E50C24-094B-4D68-8689-1B01219BABCE}
	EndGlobalSection
EndGlobal
